// !$*UTF8*$!
{
	archiveVersion = 1;
	classes = {
	};
	objectVersion = 56;
	objects = {

/* Begin PBXBuildFile section */
		B5E89C372C4E4DA6003434AC /* AppDelegate.swift in Sources */ = {isa = PBXBuildFile; fileRef = B5E89C362C4E4DA6003434AC /* AppDelegate.swift */; };
		B5E89C392C4E4DA6003434AC /* SceneDelegate.swift in Sources */ = {isa = PBXBuildFile; fileRef = B5E89C382C4E4DA6003434AC /* SceneDelegate.swift */; };
		B5E89C3B2C4E4DA6003434AC /* MainViewController.swift in Sources */ = {isa = PBXBuildFile; fileRef = B5E89C3A2C4E4DA6003434AC /* MainViewController.swift */; };
		B5E89C3D2C4E4DA7003434AC /* Assets.xcassets in Resources */ = {isa = PBXBuildFile; fileRef = B5E89C3C2C4E4DA7003434AC /* Assets.xcassets */; };
		B5E89C402C4E4DA7003434AC /* LaunchScreen.storyboard in Resources */ = {isa = PBXBuildFile; fileRef = B5E89C3E2C4E4DA7003434AC /* LaunchScreen.storyboard */; };
		B5E89C4C2C4E4EA0003434AC /* Movie.swift in Sources */ = {isa = PBXBuildFile; fileRef = B5E89C4B2C4E4EA0003434AC /* Movie.swift */; };
		B5E89C4E2C4E4EAC003434AC /* Video.swift in Sources */ = {isa = PBXBuildFile; fileRef = B5E89C4D2C4E4EAC003434AC /* Video.swift */; };
		B5E89C512C4E4F07003434AC /* PosterCell.swift in Sources */ = {isa = PBXBuildFile; fileRef = B5E89C502C4E4F07003434AC /* PosterCell.swift */; };
		B5E89C532C4E4F37003434AC /* SectionHeaderView.swift in Sources */ = {isa = PBXBuildFile; fileRef = B5E89C522C4E4F37003434AC /* SectionHeaderView.swift */; };
		B5E89C572C4E4FAC003434AC /* SnapKit in Frameworks */ = {isa = PBXBuildFile; productRef = B5E89C562C4E4FAC003434AC /* SnapKit */; };
		B5E89C5A2C4E4FC4003434AC /* RxBlocking in Frameworks */ = {isa = PBXBuildFile; productRef = B5E89C592C4E4FC4003434AC /* RxBlocking */; };
		B5E89C5C2C4E4FC4003434AC /* RxCocoa in Frameworks */ = {isa = PBXBuildFile; productRef = B5E89C5B2C4E4FC4003434AC /* RxCocoa */; };
		B5E89C5E2C4E4FC4003434AC /* RxRelay in Frameworks */ = {isa = PBXBuildFile; productRef = B5E89C5D2C4E4FC4003434AC /* RxRelay */; };
		B5E89C602C4E4FC4003434AC /* RxSwift in Frameworks */ = {isa = PBXBuildFile; productRef = B5E89C5F2C4E4FC4003434AC /* RxSwift */; };
		B5E89C652C4E4FEE003434AC /* YouTubeiOSPlayerHelper in Frameworks */ = {isa = PBXBuildFile; productRef = B5E89C642C4E4FEE003434AC /* YouTubeiOSPlayerHelper */; };
		B5E89C672C4E5038003434AC /* MainViewModel.swift in Sources */ = {isa = PBXBuildFile; fileRef = B5E89C662C4E5038003434AC /* MainViewModel.swift */; };
		B5E89C6A2C4E506B003434AC /* NetworkMananger.swift in Sources */ = {isa = PBXBuildFile; fileRef = B5E89C692C4E506B003434AC /* NetworkMananger.swift */; };
		B5E89C6D2C4E508D003434AC /* YouTubePlayerViewController.swift in Sources */ = {isa = PBXBuildFile; fileRef = B5E89C6C2C4E508D003434AC /* YouTubePlayerViewController.swift */; };
/* End PBXBuildFile section */

/* Begin PBXFileReference section */
		B5E89C332C4E4DA6003434AC /* NetflixClone.app */ = {isa = PBXFileReference; explicitFileType = wrapper.application; includeInIndex = 0; path = NetflixClone.app; sourceTree = BUILT_PRODUCTS_DIR; };
		B5E89C362C4E4DA6003434AC /* AppDelegate.swift */ = {isa = PBXFileReference; lastKnownFileType = sourcecode.swift; path = AppDelegate.swift; sourceTree = "<group>"; };
		B5E89C382C4E4DA6003434AC /* SceneDelegate.swift */ = {isa = PBXFileReference; lastKnownFileType = sourcecode.swift; path = SceneDelegate.swift; sourceTree = "<group>"; };
		B5E89C3A2C4E4DA6003434AC /* MainViewController.swift */ = {isa = PBXFileReference; lastKnownFileType = sourcecode.swift; path = MainViewController.swift; sourceTree = "<group>"; };
		B5E89C3C2C4E4DA7003434AC /* Assets.xcassets */ = {isa = PBXFileReference; lastKnownFileType = folder.assetcatalog; path = Assets.xcassets; sourceTree = "<group>"; };
		B5E89C3F2C4E4DA7003434AC /* Base */ = {isa = PBXFileReference; lastKnownFileType = file.storyboard; name = Base; path = Base.lproj/LaunchScreen.storyboard; sourceTree = "<group>"; };
		B5E89C412C4E4DA7003434AC /* Info.plist */ = {isa = PBXFileReference; lastKnownFileType = text.plist.xml; path = Info.plist; sourceTree = "<group>"; };
		B5E89C4B2C4E4EA0003434AC /* Movie.swift */ = {isa = PBXFileReference; lastKnownFileType = sourcecode.swift; path = Movie.swift; sourceTree = "<group>"; };
		B5E89C4D2C4E4EAC003434AC /* Video.swift */ = {isa = PBXFileReference; lastKnownFileType = sourcecode.swift; path = Video.swift; sourceTree = "<group>"; };
		B5E89C502C4E4F07003434AC /* PosterCell.swift */ = {isa = PBXFileReference; lastKnownFileType = sourcecode.swift; path = PosterCell.swift; sourceTree = "<group>"; };
		B5E89C522C4E4F37003434AC /* SectionHeaderView.swift */ = {isa = PBXFileReference; lastKnownFileType = sourcecode.swift; path = SectionHeaderView.swift; sourceTree = "<group>"; };
		B5E89C662C4E5038003434AC /* MainViewModel.swift */ = {isa = PBXFileReference; lastKnownFileType = sourcecode.swift; path = MainViewModel.swift; sourceTree = "<group>"; };
		B5E89C692C4E506B003434AC /* NetworkMananger.swift */ = {isa = PBXFileReference; lastKnownFileType = sourcecode.swift; path = NetworkMananger.swift; sourceTree = "<group>"; };
		B5E89C6C2C4E508D003434AC /* YouTubePlayerViewController.swift */ = {isa = PBXFileReference; lastKnownFileType = sourcecode.swift; path = YouTubePlayerViewController.swift; sourceTree = "<group>"; };
/* End PBXFileReference section */

/* Begin PBXFrameworksBuildPhase section */
		B5E89C302C4E4DA6003434AC /* Frameworks */ = {
			isa = PBXFrameworksBuildPhase;
			buildActionMask = 2147483647;
			files = (
				B5E89C5C2C4E4FC4003434AC /* RxCocoa in Frameworks */,
				B5E89C652C4E4FEE003434AC /* YouTubeiOSPlayerHelper in Frameworks */,
				B5E89C572C4E4FAC003434AC /* SnapKit in Frameworks */,
				B5E89C602C4E4FC4003434AC /* RxSwift in Frameworks */,
				B5E89C5E2C4E4FC4003434AC /* RxRelay in Frameworks */,
				B5E89C5A2C4E4FC4003434AC /* RxBlocking in Frameworks */,
			);
			runOnlyForDeploymentPostprocessing = 0;
		};
/* End PBXFrameworksBuildPhase section */

/* Begin PBXGroup section */
		B5E89C2A2C4E4DA6003434AC = {
			isa = PBXGroup;
			children = (
				B5E89C352C4E4DA6003434AC /* NetflixClone */,
				B5E89C342C4E4DA6003434AC /* Products */,
			);
			sourceTree = "<group>";
		};
		B5E89C342C4E4DA6003434AC /* Products */ = {
			isa = PBXGroup;
			children = (
				B5E89C332C4E4DA6003434AC /* NetflixClone.app */,
			);
			name = Products;
			sourceTree = "<group>";
		};
		B5E89C352C4E4DA6003434AC /* NetflixClone */ = {
			isa = PBXGroup;
			children = (
				B5E89C472C4E4DAE003434AC /* Application */,
				B5E89C6B2C4E506E003434AC /* Common */,
				B5E89C4A2C4E4E91003434AC /* Model */,
				B5E89C4F2C4E4EE6003434AC /* View */,
				B5E89C682C4E503B003434AC /* ViewModel */,
				B5E89C492C4E4DC8003434AC /* Resources */,
			);
			path = NetflixClone;
			sourceTree = "<group>";
		};
		B5E89C472C4E4DAE003434AC /* Application */ = {
			isa = PBXGroup;
			children = (
				B5E89C362C4E4DA6003434AC /* AppDelegate.swift */,
				B5E89C382C4E4DA6003434AC /* SceneDelegate.swift */,
			);
			path = Application;
			sourceTree = "<group>";
		};
		B5E89C492C4E4DC8003434AC /* Resources */ = {
			isa = PBXGroup;
			children = (
				B5E89C3C2C4E4DA7003434AC /* Assets.xcassets */,
				B5E89C3E2C4E4DA7003434AC /* LaunchScreen.storyboard */,
				B5E89C412C4E4DA7003434AC /* Info.plist */,
			);
			path = Resources;
			sourceTree = "<group>";
		};
		B5E89C4A2C4E4E91003434AC /* Model */ = {
			isa = PBXGroup;
			children = (
				B5E89C4B2C4E4EA0003434AC /* Movie.swift */,
				B5E89C4D2C4E4EAC003434AC /* Video.swift */,
			);
			path = Model;
			sourceTree = "<group>";
		};
		B5E89C4F2C4E4EE6003434AC /* View */ = {
			isa = PBXGroup;
			children = (
				B5E89C3A2C4E4DA6003434AC /* MainViewController.swift */,
				B5E89C502C4E4F07003434AC /* PosterCell.swift */,
				B5E89C522C4E4F37003434AC /* SectionHeaderView.swift */,
				B5E89C6C2C4E508D003434AC /* YouTubePlayerViewController.swift */,
			);
			path = View;
			sourceTree = "<group>";
		};
		B5E89C682C4E503B003434AC /* ViewModel */ = {
			isa = PBXGroup;
			children = (
				B5E89C662C4E5038003434AC /* MainViewModel.swift */,
			);
			path = ViewModel;
			sourceTree = "<group>";
		};
		B5E89C6B2C4E506E003434AC /* Common */ = {
			isa = PBXGroup;
			children = (
				B5E89C692C4E506B003434AC /* NetworkMananger.swift */,
			);
			path = Common;
			sourceTree = "<group>";
		};
/* End PBXGroup section */

/* Begin PBXNativeTarget section */
		B5E89C322C4E4DA6003434AC /* NetflixClone */ = {
			isa = PBXNativeTarget;
			buildConfigurationList = B5E89C442C4E4DA7003434AC /* Build configuration list for PBXNativeTarget "NetflixClone" */;
			buildPhases = (
				B5E89C2F2C4E4DA6003434AC /* Sources */,
				B5E89C302C4E4DA6003434AC /* Frameworks */,
				B5E89C312C4E4DA6003434AC /* Resources */,
			);
			buildRules = (
			);
			dependencies = (
			);
			name = NetflixClone;
			packageProductDependencies = (
				B5E89C562C4E4FAC003434AC /* SnapKit */,
				B5E89C592C4E4FC4003434AC /* RxBlocking */,
				B5E89C5B2C4E4FC4003434AC /* RxCocoa */,
				B5E89C5D2C4E4FC4003434AC /* RxRelay */,
				B5E89C5F2C4E4FC4003434AC /* RxSwift */,
				B5E89C642C4E4FEE003434AC /* YouTubeiOSPlayerHelper */,
			);
			productName = NetflixClone;
			productReference = B5E89C332C4E4DA6003434AC /* NetflixClone.app */;
			productType = "com.apple.product-type.application";
		};
/* End PBXNativeTarget section */

/* Begin PBXProject section */
		B5E89C2B2C4E4DA6003434AC /* Project object */ = {
			isa = PBXProject;
			attributes = {
				BuildIndependentTargetsInParallel = 1;
				LastSwiftUpdateCheck = 1520;
				LastUpgradeCheck = 1520;
				TargetAttributes = {
					B5E89C322C4E4DA6003434AC = {
						CreatedOnToolsVersion = 15.2;
					};
				};
			};
			buildConfigurationList = B5E89C2E2C4E4DA6003434AC /* Build configuration list for PBXProject "NetflixClone" */;
			compatibilityVersion = "Xcode 14.0";
			developmentRegion = en;
			hasScannedForEncodings = 0;
			knownRegions = (
				en,
				Base,
			);
			mainGroup = B5E89C2A2C4E4DA6003434AC;
			packageReferences = (
				B5E89C552C4E4FAC003434AC /* XCRemoteSwiftPackageReference "SnapKit" */,
				B5E89C582C4E4FC4003434AC /* XCRemoteSwiftPackageReference "RxSwift" */,
				B5E89C632C4E4FEE003434AC /* XCRemoteSwiftPackageReference "youtube-ios-player-helper" */,
			);
			productRefGroup = B5E89C342C4E4DA6003434AC /* Products */;
			projectDirPath = "";
			projectRoot = "";
			targets = (
				B5E89C322C4E4DA6003434AC /* NetflixClone */,
			);
		};
/* End PBXProject section */

/* Begin PBXResourcesBuildPhase section */
		B5E89C312C4E4DA6003434AC /* Resources */ = {
			isa = PBXResourcesBuildPhase;
			buildActionMask = 2147483647;
			files = (
				B5E89C3D2C4E4DA7003434AC /* Assets.xcassets in Resources */,
				B5E89C402C4E4DA7003434AC /* LaunchScreen.storyboard in Resources */,
			);
			runOnlyForDeploymentPostprocessing = 0;
		};
/* End PBXResourcesBuildPhase section */

/* Begin PBXSourcesBuildPhase section */
		B5E89C2F2C4E4DA6003434AC /* Sources */ = {
			isa = PBXSourcesBuildPhase;
			buildActionMask = 2147483647;
			files = (
				B5E89C3B2C4E4DA6003434AC /* MainViewController.swift in Sources */,
				B5E89C372C4E4DA6003434AC /* AppDelegate.swift in Sources */,
				B5E89C512C4E4F07003434AC /* PosterCell.swift in Sources */,
				B5E89C6A2C4E506B003434AC /* NetworkMananger.swift in Sources */,
				B5E89C4C2C4E4EA0003434AC /* Movie.swift in Sources */,
				B5E89C532C4E4F37003434AC /* SectionHeaderView.swift in Sources */,
				B5E89C392C4E4DA6003434AC /* SceneDelegate.swift in Sources */,
				B5E89C4E2C4E4EAC003434AC /* Video.swift in Sources */,
				B5E89C672C4E5038003434AC /* MainViewModel.swift in Sources */,
				B5E89C6D2C4E508D003434AC /* YouTubePlayerViewController.swift in Sources */,
			);
			runOnlyForDeploymentPostprocessing = 0;
		};
/* End PBXSourcesBuildPhase section */

/* Begin PBXVariantGroup section */
		B5E89C3E2C4E4DA7003434AC /* LaunchScreen.storyboard */ = {
			isa = PBXVariantGroup;
			children = (
				B5E89C3F2C4E4DA7003434AC /* Base */,
			);
			name = LaunchScreen.storyboard;
			sourceTree = "<group>";
		};
/* End PBXVariantGroup section */

/* Begin XCBuildConfiguration section */
		B5E89C422C4E4DA7003434AC /* Debug */ = {
			isa = XCBuildConfiguration;
			buildSettings = {
				ALWAYS_SEARCH_USER_PATHS = NO;
				ASSETCATALOG_COMPILER_GENERATE_SWIFT_ASSET_SYMBOL_EXTENSIONS = YES;
				CLANG_ANALYZER_NONNULL = YES;
				CLANG_ANALYZER_NUMBER_OBJECT_CONVERSION = YES_AGGRESSIVE;
				CLANG_CXX_LANGUAGE_STANDARD = "gnu++20";
				CLANG_ENABLE_MODULES = YES;
				CLANG_ENABLE_OBJC_ARC = YES;
				CLANG_ENABLE_OBJC_WEAK = YES;
				CLANG_WARN_BLOCK_CAPTURE_AUTORELEASING = YES;
				CLANG_WARN_BOOL_CONVERSION = YES;
				CLANG_WARN_COMMA = YES;
				CLANG_WARN_CONSTANT_CONVERSION = YES;
				CLANG_WARN_DEPRECATED_OBJC_IMPLEMENTATIONS = YES;
				CLANG_WARN_DIRECT_OBJC_ISA_USAGE = YES_ERROR;
				CLANG_WARN_DOCUMENTATION_COMMENTS = YES;
				CLANG_WARN_EMPTY_BODY = YES;
				CLANG_WARN_ENUM_CONVERSION = YES;
				CLANG_WARN_INFINITE_RECURSION = YES;
				CLANG_WARN_INT_CONVERSION = YES;
				CLANG_WARN_NON_LITERAL_NULL_CONVERSION = YES;
				CLANG_WARN_OBJC_IMPLICIT_RETAIN_SELF = YES;
				CLANG_WARN_OBJC_LITERAL_CONVERSION = YES;
				CLANG_WARN_OBJC_ROOT_CLASS = YES_ERROR;
				CLANG_WARN_QUOTED_INCLUDE_IN_FRAMEWORK_HEADER = YES;
				CLANG_WARN_RANGE_LOOP_ANALYSIS = YES;
				CLANG_WARN_STRICT_PROTOTYPES = YES;
				CLANG_WARN_SUSPICIOUS_MOVE = YES;
				CLANG_WARN_UNGUARDED_AVAILABILITY = YES_AGGRESSIVE;
				CLANG_WARN_UNREACHABLE_CODE = YES;
				CLANG_WARN__DUPLICATE_METHOD_MATCH = YES;
				COPY_PHASE_STRIP = NO;
				DEBUG_INFORMATION_FORMAT = dwarf;
				ENABLE_STRICT_OBJC_MSGSEND = YES;
				ENABLE_TESTABILITY = YES;
				ENABLE_USER_SCRIPT_SANDBOXING = YES;
				GCC_C_LANGUAGE_STANDARD = gnu17;
				GCC_DYNAMIC_NO_PIC = NO;
				GCC_NO_COMMON_BLOCKS = YES;
				GCC_OPTIMIZATION_LEVEL = 0;
				GCC_PREPROCESSOR_DEFINITIONS = (
					"DEBUG=1",
					"$(inherited)",
				);
				GCC_WARN_64_TO_32_BIT_CONVERSION = YES;
				GCC_WARN_ABOUT_RETURN_TYPE = YES_ERROR;
				GCC_WARN_UNDECLARED_SELECTOR = YES;
				GCC_WARN_UNINITIALIZED_AUTOS = YES_AGGRESSIVE;
				GCC_WARN_UNUSED_FUNCTION = YES;
				GCC_WARN_UNUSED_VARIABLE = YES;
				IPHONEOS_DEPLOYMENT_TARGET = 17.2;
				LOCALIZATION_PREFERS_STRING_CATALOGS = YES;
				MTL_ENABLE_DEBUG_INFO = INCLUDE_SOURCE;
				MTL_FAST_MATH = YES;
				ONLY_ACTIVE_ARCH = YES;
				SDKROOT = iphoneos;
				SWIFT_ACTIVE_COMPILATION_CONDITIONS = "DEBUG $(inherited)";
				SWIFT_OPTIMIZATION_LEVEL = "-Onone";
			};
			name = Debug;
		};
		B5E89C432C4E4DA7003434AC /* Release */ = {
			isa = XCBuildConfiguration;
			buildSettings = {
				ALWAYS_SEARCH_USER_PATHS = NO;
				ASSETCATALOG_COMPILER_GENERATE_SWIFT_ASSET_SYMBOL_EXTENSIONS = YES;
				CLANG_ANALYZER_NONNULL = YES;
				CLANG_ANALYZER_NUMBER_OBJECT_CONVERSION = YES_AGGRESSIVE;
				CLANG_CXX_LANGUAGE_STANDARD = "gnu++20";
				CLANG_ENABLE_MODULES = YES;
				CLANG_ENABLE_OBJC_ARC = YES;
				CLANG_ENABLE_OBJC_WEAK = YES;
				CLANG_WARN_BLOCK_CAPTURE_AUTORELEASING = YES;
				CLANG_WARN_BOOL_CONVERSION = YES;
				CLANG_WARN_COMMA = YES;
				CLANG_WARN_CONSTANT_CONVERSION = YES;
				CLANG_WARN_DEPRECATED_OBJC_IMPLEMENTATIONS = YES;
				CLANG_WARN_DIRECT_OBJC_ISA_USAGE = YES_ERROR;
				CLANG_WARN_DOCUMENTATION_COMMENTS = YES;
				CLANG_WARN_EMPTY_BODY = YES;
				CLANG_WARN_ENUM_CONVERSION = YES;
				CLANG_WARN_INFINITE_RECURSION = YES;
				CLANG_WARN_INT_CONVERSION = YES;
				CLANG_WARN_NON_LITERAL_NULL_CONVERSION = YES;
				CLANG_WARN_OBJC_IMPLICIT_RETAIN_SELF = YES;
				CLANG_WARN_OBJC_LITERAL_CONVERSION = YES;
				CLANG_WARN_OBJC_ROOT_CLASS = YES_ERROR;
				CLANG_WARN_QUOTED_INCLUDE_IN_FRAMEWORK_HEADER = YES;
				CLANG_WARN_RANGE_LOOP_ANALYSIS = YES;
				CLANG_WARN_STRICT_PROTOTYPES = YES;
				CLANG_WARN_SUSPICIOUS_MOVE = YES;
				CLANG_WARN_UNGUARDED_AVAILABILITY = YES_AGGRESSIVE;
				CLANG_WARN_UNREACHABLE_CODE = YES;
				CLANG_WARN__DUPLICATE_METHOD_MATCH = YES;
				COPY_PHASE_STRIP = NO;
				DEBUG_INFORMATION_FORMAT = "dwarf-with-dsym";
				ENABLE_NS_ASSERTIONS = NO;
				ENABLE_STRICT_OBJC_MSGSEND = YES;
				ENABLE_USER_SCRIPT_SANDBOXING = YES;
				GCC_C_LANGUAGE_STANDARD = gnu17;
				GCC_NO_COMMON_BLOCKS = YES;
				GCC_WARN_64_TO_32_BIT_CONVERSION = YES;
				GCC_WARN_ABOUT_RETURN_TYPE = YES_ERROR;
				GCC_WARN_UNDECLARED_SELECTOR = YES;
				GCC_WARN_UNINITIALIZED_AUTOS = YES_AGGRESSIVE;
				GCC_WARN_UNUSED_FUNCTION = YES;
				GCC_WARN_UNUSED_VARIABLE = YES;
				IPHONEOS_DEPLOYMENT_TARGET = 17.2;
				LOCALIZATION_PREFERS_STRING_CATALOGS = YES;
				MTL_ENABLE_DEBUG_INFO = NO;
				MTL_FAST_MATH = YES;
				SDKROOT = iphoneos;
				SWIFT_COMPILATION_MODE = wholemodule;
				VALIDATE_PRODUCT = YES;
			};
			name = Release;
		};
		B5E89C452C4E4DA7003434AC /* Debug */ = {
			isa = XCBuildConfiguration;
			buildSettings = {
				ASSETCATALOG_COMPILER_APPICON_NAME = AppIcon;
				ASSETCATALOG_COMPILER_GLOBAL_ACCENT_COLOR_NAME = AccentColor;
				CODE_SIGN_STYLE = Automatic;
				CURRENT_PROJECT_VERSION = 1;
				DEVELOPMENT_TEAM = FL4QTRRKMD;
				GENERATE_INFOPLIST_FILE = YES;
				INFOPLIST_FILE = NetflixClone/Resources/Info.plist;
				INFOPLIST_KEY_UIApplicationSupportsIndirectInputEvents = YES;
				INFOPLIST_KEY_UILaunchStoryboardName = LaunchScreen;
				INFOPLIST_KEY_UISupportedInterfaceOrientations = "UIInterfaceOrientationLandscapeRight UIInterfaceOrientationPortrait";
				INFOPLIST_KEY_UISupportedInterfaceOrientations_iPad = "UIInterfaceOrientationLandscapeLeft UIInterfaceOrientationLandscapeRight UIInterfaceOrientationPortrait UIInterfaceOrientationPortraitUpsideDown";
				LD_RUNPATH_SEARCH_PATHS = (
					"$(inherited)",
					"@executable_path/Frameworks",
				);
				MARKETING_VERSION = 1.0;
				PRODUCT_BUNDLE_IDENTIFIER = com.arex.NetflixClone;
				PRODUCT_NAME = "$(TARGET_NAME)";
				SUPPORTED_PLATFORMS = "iphoneos iphonesimulator";
				SUPPORTS_MACCATALYST = NO;
				SUPPORTS_MAC_DESIGNED_FOR_IPHONE_IPAD = NO;
				SUPPORTS_XR_DESIGNED_FOR_IPHONE_IPAD = NO;
				SWIFT_EMIT_LOC_STRINGS = YES;
				SWIFT_VERSION = 5.0;
				TARGETED_DEVICE_FAMILY = 1;
			};
			name = Debug;
		};
		B5E89C462C4E4DA7003434AC /* Release */ = {
			isa = XCBuildConfiguration;
			buildSettings = {
				ASSETCATALOG_COMPILER_APPICON_NAME = AppIcon;
				ASSETCATALOG_COMPILER_GLOBAL_ACCENT_COLOR_NAME = AccentColor;
				CODE_SIGN_STYLE = Automatic;
				CURRENT_PROJECT_VERSION = 1;
				DEVELOPMENT_TEAM = FL4QTRRKMD;
				GENERATE_INFOPLIST_FILE = YES;
				INFOPLIST_FILE = NetflixClone/Resources/Info.plist;
				INFOPLIST_KEY_UIApplicationSupportsIndirectInputEvents = YES;
				INFOPLIST_KEY_UILaunchStoryboardName = LaunchScreen;
				INFOPLIST_KEY_UISupportedInterfaceOrientations = "UIInterfaceOrientationLandscapeRight UIInterfaceOrientationPortrait";
				INFOPLIST_KEY_UISupportedInterfaceOrientations_iPad = "UIInterfaceOrientationLandscapeLeft UIInterfaceOrientationLandscapeRight UIInterfaceOrientationPortrait UIInterfaceOrientationPortraitUpsideDown";
				LD_RUNPATH_SEARCH_PATHS = (
					"$(inherited)",
					"@executable_path/Frameworks",
				);
				MARKETING_VERSION = 1.0;
				PRODUCT_BUNDLE_IDENTIFIER = com.arex.NetflixClone;
				PRODUCT_NAME = "$(TARGET_NAME)";
				SUPPORTED_PLATFORMS = "iphoneos iphonesimulator";
				SUPPORTS_MACCATALYST = NO;
				SUPPORTS_MAC_DESIGNED_FOR_IPHONE_IPAD = NO;
				SUPPORTS_XR_DESIGNED_FOR_IPHONE_IPAD = NO;
				SWIFT_EMIT_LOC_STRINGS = YES;
				SWIFT_VERSION = 5.0;
				TARGETED_DEVICE_FAMILY = 1;
			};
			name = Release;
		};
/* End XCBuildConfiguration section */

/* Begin XCConfigurationList section */
		B5E89C2E2C4E4DA6003434AC /* Build configuration list for PBXProject "NetflixClone" */ = {
			isa = XCConfigurationList;
			buildConfigurations = (
				B5E89C422C4E4DA7003434AC /* Debug */,
				B5E89C432C4E4DA7003434AC /* Release */,
			);
			defaultConfigurationIsVisible = 0;
			defaultConfigurationName = Release;
		};
		B5E89C442C4E4DA7003434AC /* Build configuration list for PBXNativeTarget "NetflixClone" */ = {
			isa = XCConfigurationList;
			buildConfigurations = (
				B5E89C452C4E4DA7003434AC /* Debug */,
				B5E89C462C4E4DA7003434AC /* Release */,
			);
			defaultConfigurationIsVisible = 0;
			defaultConfigurationName = Release;
		};
/* End XCConfigurationList section */

/* Begin XCRemoteSwiftPackageReference section */
		B5E89C552C4E4FAC003434AC /* XCRemoteSwiftPackageReference "SnapKit" */ = {
			isa = XCRemoteSwiftPackageReference;
			repositoryURL = "https://github.com/SnapKit/SnapKit.git";
			requirement = {
				kind = upToNextMajorVersion;
				minimumVersion = 5.7.1;
			};
		};
		B5E89C582C4E4FC4003434AC /* XCRemoteSwiftPackageReference "RxSwift" */ = {
			isa = XCRemoteSwiftPackageReference;
			repositoryURL = "https://github.com/ReactiveX/RxSwift.git";
			requirement = {
				kind = upToNextMajorVersion;
				minimumVersion = 6.7.1;
			};
		};
		B5E89C632C4E4FEE003434AC /* XCRemoteSwiftPackageReference "youtube-ios-player-helper" */ = {
			isa = XCRemoteSwiftPackageReference;
			repositoryURL = "https://github.com/youtube/youtube-ios-player-helper.git";
			requirement = {
				kind = upToNextMajorVersion;
				minimumVersion = 1.0.4;
			};
		};
/* End XCRemoteSwiftPackageReference section */

/* Begin XCSwiftPackageProductDependency section */
		B5E89C562C4E4FAC003434AC /* SnapKit */ = {
			isa = XCSwiftPackageProductDependency;
			package = B5E89C552C4E4FAC003434AC /* XCRemoteSwiftPackageReference "SnapKit" */;
			productName = SnapKit;
		};
		B5E89C592C4E4FC4003434AC /* RxBlocking */ = {
			isa = XCSwiftPackageProductDependency;
			package = B5E89C582C4E4FC4003434AC /* XCRemoteSwiftPackageReference "RxSwift" */;
			productName = RxBlocking;
		};
		B5E89C5B2C4E4FC4003434AC /* RxCocoa */ = {
			isa = XCSwiftPackageProductDependency;
			package = B5E89C582C4E4FC4003434AC /* XCRemoteSwiftPackageReference "RxSwift" */;
			productName = RxCocoa;
		};
		B5E89C5D2C4E4FC4003434AC /* RxRelay */ = {
			isa = XCSwiftPackageProductDependency;
			package = B5E89C582C4E4FC4003434AC /* XCRemoteSwiftPackageReference "RxSwift" */;
			productName = RxRelay;
		};
		B5E89C5F2C4E4FC4003434AC /* RxSwift */ = {
			isa = XCSwiftPackageProductDependency;
			package = B5E89C582C4E4FC4003434AC /* XCRemoteSwiftPackageReference "RxSwift" */;
			productName = RxSwift;
		};
		B5E89C642C4E4FEE003434AC /* YouTubeiOSPlayerHelper */ = {
			isa = XCSwiftPackageProductDependency;
			package = B5E89C632C4E4FEE003434AC /* XCRemoteSwiftPackageReference "youtube-ios-player-helper" */;
			productName = YouTubeiOSPlayerHelper;
		};
/* End XCSwiftPackageProductDependency section */
	};
	rootObject = B5E89C2B2C4E4DA6003434AC /* Project object */;
}
